
Microsoft Visual Studio Solution File, Format Version 12.00
Project("{FAE04EC0-301F-11D3-BF4B-00C04F79EFBC}") = "ToolUi.Runner", "ToolUi.Runner\ToolUi.Runner.csproj", "{2325AC88-A24A-4F57-AA79-032EE80B8A55}"
EndProject
Project("{2150E333-8FDC-42A3-9474-1A3956D46DE8}") = "Root", "Root", "{46441E53-103B-4E92-BEF3-A079E56DC426}"
	ProjectSection(SolutionItems) = preProject
		..\LICENSE = ..\LICENSE
		..\README.md = ..\README.md
		..\.github\workflows\general_build.yml = ..\.github\workflows\general_build.yml
		.gitignore = .gitignore
	EndProjectSection
EndProject
Global
	GlobalSection(SolutionConfigurationPlatforms) = preSolution
		Debug|Any CPU = Debug|Any CPU
		Release|Any CPU = Release|Any CPU
	EndGlobalSection
	GlobalSection(ProjectConfigurationPlatforms) = postSolution
		{2325AC88-A24A-4F57-AA79-032EE80B8A55}.Debug|Any CPU.ActiveCfg = Debug|Any CPU
		{2325AC88-A24A-4F57-AA79-032EE80B8A55}.Debug|Any CPU.Build.0 = Debug|Any CPU
		{2325AC88-A24A-4F57-AA79-032EE80B8A55}.Release|Any CPU.ActiveCfg = Release|Any CPU
		{2325AC88-A24A-4F57-AA79-032EE80B8A55}.Release|Any CPU.Build.0 = Release|Any CPU
	EndGlobalSection
EndGlobal
